{
  "name": "app",
  "version": "1.0.0",
  "lockfileVersion": 2,
  "requires": true,
  "packages": {
    "": {
      "name": "app",
      "version": "1.0.0",
      "license": "ISC",
      "dependencies": {
        "@emanuelmassafera/fluent-sql": "^2.0.0"
      }
    },
    "node_modules/@emanuelmassafera/fluent-sql": {
      "version": "2.0.0",
      "resolved": "https://registry.npmjs.org/@emanuelmassafera/fluent-sql/-/fluent-sql-2.0.0.tgz",
      "integrity": "sha512-8peZ8D6U5gdj9kLoxEOSjEluMEHFcJbUD5EIPGYtrRoiWV7qWeFKpQGf72/D9CiAdNjOMJleB7k7nv1prZtFGQ=="
    }
  },
  "dependencies": {
    "@emanuelmassafera/fluent-sql": {
      "version": "2.0.0",
      "resolved": "https://registry.npmjs.org/@emanuelmassafera/fluent-sql/-/fluent-sql-2.0.0.tgz",
      "integrity": "sha512-8peZ8D6U5gdj9kLoxEOSjEluMEHFcJbUD5EIPGYtrRoiWV7qWeFKpQGf72/D9CiAdNjOMJleB7k7nv1prZtFGQ=="
    }
  }
}
